
Microsoft Visual Studio Solution File, Format Version 12.00
# Visual Studio Version 17
VisualStudioVersion = 17.1.32421.90
MinimumVisualStudioVersion = 10.0.40219.1
Project("{FAE04EC0-301F-11D3-BF4B-00C04F79EFBC}") = "ExceptionsTutorial", "ExceptionsTutorial\ExceptionsTutorial.csproj", "{1A609DEE-0CF6-4C48-B791-614FC0EECD9E}"
EndProject
Global
	GlobalSection(SolutionConfigurationPlatforms) = preSolution
		Debug|Any CPU = Debug|Any CPU
		Release|Any CPU = Release|Any CPU
	EndGlobalSection
	GlobalSection(ProjectConfigurationPlatforms) = postSolution
		{1A609DEE-0CF6-4C48-B791-614FC0EECD9E}.Debug|Any CPU.ActiveCfg = Debug|Any CPU
		{1A609DEE-0CF6-4C48-B791-614FC0EECD9E}.Debug|Any CPU.Build.0 = Debug|Any CPU
		{1A609DEE-0CF6-4C48-B791-614FC0EECD9E}.Release|Any CPU.ActiveCfg = Release|Any CPU
		{1A609DEE-0CF6-4C48-B791-614FC0EECD9E}.Release|Any CPU.Build.0 = Release|Any CPU
	EndGlobalSection
	GlobalSection(SolutionProperties) = preSolution
		HideSolutionNode = FALSE
	EndGlobalSection
	GlobalSection(ExtensibilityGlobals) = postSolution
		SolutionGuid = {31D04877-D0B0-4B18-A659-597C4AEE3056}
	EndGlobalSection
EndGlobal
